
Microsoft Visual Studio Solution File, Format Version 12.00
# Visual Studio Version 16
VisualStudioVersion = 16.0.31005.135
MinimumVisualStudioVersion = 10.0.40219.1
Project("{FAE04EC0-301F-11D3-BF4B-00C04F79EFBC}") = "WebAPI", "WebAPI\WebAPI.csproj", "{55FD32DF-609F-4744-B814-21FDB9BD63B5}"
EndProject
Global
	GlobalSection(SolutionConfigurationPlatforms) = preSolution
		Debug|Any CPU = Debug|Any CPU
		Release|Any CPU = Release|Any CPU
	EndGlobalSection
	GlobalSection(ProjectConfigurationPlatforms) = postSolution
		{55FD32DF-609F-4744-B814-21FDB9BD63B5}.Debug|Any CPU.ActiveCfg = Debug|Any CPU
		{55FD32DF-609F-4744-B814-21FDB9BD63B5}.Debug|Any CPU.Build.0 = Debug|Any CPU
		{55FD32DF-609F-4744-B814-21FDB9BD63B5}.Release|Any CPU.ActiveCfg = Release|Any CPU
		{55FD32DF-609F-4744-B814-21FDB9BD63B5}.Release|Any CPU.Build.0 = Release|Any CPU
	EndGlobalSection
	GlobalSection(SolutionProperties) = preSolution
		HideSolutionNode = FALSE
	EndGlobalSection
	GlobalSection(ExtensibilityGlobals) = postSolution
		SolutionGuid = {C4864A5E-BAED-4E6A-BCA6-CDC527A4525C}
	EndGlobalSection
EndGlobal
